
Microsoft Visual Studio Solution File, Format Version 12.00
# Visual Studio Version 16
VisualStudioVersion = 16.0.29424.173
MinimumVisualStudioVersion = 10.0.40219.1
Project("{FAE04EC0-301F-11D3-BF4B-00C04F79EFBC}") = "MyCms", "MyCms\MyCms.csproj", "{BAA9D594-2E1C-4D47-81B0-3C692643248B}"
EndProject
Project("{FAE04EC0-301F-11D3-BF4B-00C04F79EFBC}") = "DataLayers", "DataLayers\DataLayers.csproj", "{C4202CD0-00BF-41E6-A1AE-F3A5716BDD90}"
EndProject
Global
	GlobalSection(SolutionConfigurationPlatforms) = preSolution
		Debug|Any CPU = Debug|Any CPU
		Release|Any CPU = Release|Any CPU
	EndGlobalSection
	GlobalSection(ProjectConfigurationPlatforms) = postSolution
		{BAA9D594-2E1C-4D47-81B0-3C692643248B}.Debug|Any CPU.ActiveCfg = Debug|Any CPU
		{BAA9D594-2E1C-4D47-81B0-3C692643248B}.Debug|Any CPU.Build.0 = Debug|Any CPU
		{BAA9D594-2E1C-4D47-81B0-3C692643248B}.Release|Any CPU.ActiveCfg = Release|Any CPU
		{BAA9D594-2E1C-4D47-81B0-3C692643248B}.Release|Any CPU.Build.0 = Release|Any CPU
		{C4202CD0-00BF-41E6-A1AE-F3A5716BDD90}.Debug|Any CPU.ActiveCfg = Debug|Any CPU
		{C4202CD0-00BF-41E6-A1AE-F3A5716BDD90}.Debug|Any CPU.Build.0 = Debug|Any CPU
		{C4202CD0-00BF-41E6-A1AE-F3A5716BDD90}.Release|Any CPU.ActiveCfg = Release|Any CPU
		{C4202CD0-00BF-41E6-A1AE-F3A5716BDD90}.Release|Any CPU.Build.0 = Release|Any CPU
	EndGlobalSection
	GlobalSection(SolutionProperties) = preSolution
		HideSolutionNode = FALSE
	EndGlobalSection
	GlobalSection(ExtensibilityGlobals) = postSolution
		SolutionGuid = {20CE95BD-7464-48FC-8A8C-17D672CBB820}
	EndGlobalSection
EndGlobal
